
Microsoft Visual Studio Solution File, Format Version 12.00
# Visual Studio Version 17
VisualStudioVersion = 17.7.34031.279
MinimumVisualStudioVersion = 10.0.40219.1
Project("{FAE04EC0-301F-11D3-BF4B-00C04F79EFBC}") = "testconsole", "testconsole\testconsole.csproj", "{C53D61F4-B752-4A8B-A586-3FF31C0D99FF}"
EndProject
Global
	GlobalSection(SolutionConfigurationPlatforms) = preSolution
		Debug|Any CPU = Debug|Any CPU
		Release|Any CPU = Release|Any CPU
	EndGlobalSection
	GlobalSection(ProjectConfigurationPlatforms) = postSolution
		{C53D61F4-B752-4A8B-A586-3FF31C0D99FF}.Debug|Any CPU.ActiveCfg = Debug|Any CPU
		{C53D61F4-B752-4A8B-A586-3FF31C0D99FF}.Debug|Any CPU.Build.0 = Debug|Any CPU
		{C53D61F4-B752-4A8B-A586-3FF31C0D99FF}.Release|Any CPU.ActiveCfg = Release|Any CPU
		{C53D61F4-B752-4A8B-A586-3FF31C0D99FF}.Release|Any CPU.Build.0 = Release|Any CPU
	EndGlobalSection
	GlobalSection(SolutionProperties) = preSolution
		HideSolutionNode = FALSE
	EndGlobalSection
	GlobalSection(ExtensibilityGlobals) = postSolution
		SolutionGuid = {2DED5F0D-299F-4893-A915-E8D0030C1695}
	EndGlobalSection
EndGlobal
